
Microsoft Visual Studio Solution File, Format Version 12.00
# Visual Studio Version 17
VisualStudioVersion = 17.8.34408.163
MinimumVisualStudioVersion = 10.0.40219.1
Project("{FAE04EC0-301F-11D3-BF4B-00C04F79EFBC}") = "PokemonReview", "PokemonReview\PokemonReview.csproj", "{EB19B16B-CF60-4B04-987F-D2B53A76DEDF}"
EndProject
Global
	GlobalSection(SolutionConfigurationPlatforms) = preSolution
		Debug|Any CPU = Debug|Any CPU
		Release|Any CPU = Release|Any CPU
	EndGlobalSection
	GlobalSection(ProjectConfigurationPlatforms) = postSolution
		{EB19B16B-CF60-4B04-987F-D2B53A76DEDF}.Debug|Any CPU.ActiveCfg = Debug|Any CPU
		{EB19B16B-CF60-4B04-987F-D2B53A76DEDF}.Debug|Any CPU.Build.0 = Debug|Any CPU
		{EB19B16B-CF60-4B04-987F-D2B53A76DEDF}.Release|Any CPU.ActiveCfg = Release|Any CPU
		{EB19B16B-CF60-4B04-987F-D2B53A76DEDF}.Release|Any CPU.Build.0 = Release|Any CPU
	EndGlobalSection
	GlobalSection(SolutionProperties) = preSolution
		HideSolutionNode = FALSE
	EndGlobalSection
	GlobalSection(ExtensibilityGlobals) = postSolution
		SolutionGuid = {64D38ACD-BC9A-4AFD-864A-C890421E4038}
	EndGlobalSection
EndGlobal
